
Microsoft Visual Studio Solution File, Format Version 12.00
# Visual Studio Version 16
VisualStudioVersion = 16.0.29209.62
MinimumVisualStudioVersion = 10.0.40219.1
Project("{8BC9CEB8-8B4A-11D0-8D11-00A0C91BC942}") = "goal", "goal\goal.vcxproj", "{62D05114-9CAE-4364-9294-64DB6B8A06F3}"
EndProject
Project("{8BC9CEB8-8B4A-11D0-8D11-00A0C91BC942}") = "perfect_number", "perfect_number\perfect_number.vcxproj", "{133BD29F-A5AE-4D43-846E-295C8E08F7B8}"
EndProject
Project("{8BC9CEB8-8B4A-11D0-8D11-00A0C91BC942}") = "timer", "timer\timer.vcxproj", "{CCA1628B-015C-4156-ABBA-26AF7AE026CA}"
EndProject
Project("{8BC9CEB8-8B4A-11D0-8D11-00A0C91BC942}") = "amicable_number", "amicable_number\amicable_number.vcxproj", "{DE6E6142-07F1-41DF-AF7E-2678EF93E40D}"
EndProject
Project("{8BC9CEB8-8B4A-11D0-8D11-00A0C91BC942}") = "8queens", "8queens\8queens.vcxproj", "{3156D47B-C161-4A13-9011-298E8E2787D8}"
EndProject
Project("{8BC9CEB8-8B4A-11D0-8D11-00A0C91BC942}") = "8queens_ui", "8queens_ui\8queens_ui.vcxproj", "{B12702AD-ABFB-343A-A199-8E24837244A3}"
EndProject
Project("{8BC9CEB8-8B4A-11D0-8D11-00A0C91BC942}") = "eval", "eval\eval.vcxproj", "{5EC2A544-443B-419F-9223-D4BE2281A250}"
EndProject
Project("{8BC9CEB8-8B4A-11D0-8D11-00A0C91BC942}") = "test_move_semantic", "test_move_semantic\test_move_semantic.vcxproj", "{3BCB8C2D-2C97-44A1-980E-ADAF64FCA6B8}"
EndProject
Project("{2150E333-8FDC-42A3-9474-1A3956D46DE8}") = "cpp", "cpp", "{7F21A16F-E93E-4DED-9853-BA6AD46F914C}"
EndProject
Project("{8BC9CEB8-8B4A-11D0-8D11-00A0C91BC942}") = "test_list_splice", "test_list_splice\test_list_splice.vcxproj", "{1D363458-9B30-4613-8627-5459D465D376}"
EndProject
Project("{8BC9CEB8-8B4A-11D0-8D11-00A0C91BC942}") = "test_sfinae", "test_sfinae\test_sfinae.vcxproj", "{44129261-07DD-4CF2-B1AB-DD40CCD7B8D8}"
EndProject
Global
	GlobalSection(SolutionConfigurationPlatforms) = preSolution
		Debug|x64 = Debug|x64
		Debug|x86 = Debug|x86
		Release|x64 = Release|x64
		Release|x86 = Release|x86
	EndGlobalSection
	GlobalSection(ProjectConfigurationPlatforms) = postSolution
		{62D05114-9CAE-4364-9294-64DB6B8A06F3}.Debug|x64.ActiveCfg = Debug|x64
		{62D05114-9CAE-4364-9294-64DB6B8A06F3}.Debug|x64.Build.0 = Debug|x64
		{62D05114-9CAE-4364-9294-64DB6B8A06F3}.Debug|x86.ActiveCfg = Debug|Win32
		{62D05114-9CAE-4364-9294-64DB6B8A06F3}.Debug|x86.Build.0 = Debug|Win32
		{62D05114-9CAE-4364-9294-64DB6B8A06F3}.Release|x64.ActiveCfg = Release|x64
		{62D05114-9CAE-4364-9294-64DB6B8A06F3}.Release|x64.Build.0 = Release|x64
		{62D05114-9CAE-4364-9294-64DB6B8A06F3}.Release|x86.ActiveCfg = Release|Win32
		{62D05114-9CAE-4364-9294-64DB6B8A06F3}.Release|x86.Build.0 = Release|Win32
		{133BD29F-A5AE-4D43-846E-295C8E08F7B8}.Debug|x64.ActiveCfg = Debug|x64
		{133BD29F-A5AE-4D43-846E-295C8E08F7B8}.Debug|x64.Build.0 = Debug|x64
		{133BD29F-A5AE-4D43-846E-295C8E08F7B8}.Debug|x86.ActiveCfg = Debug|Win32
		{133BD29F-A5AE-4D43-846E-295C8E08F7B8}.Debug|x86.Build.0 = Debug|Win32
		{133BD29F-A5AE-4D43-846E-295C8E08F7B8}.Release|x64.ActiveCfg = Release|x64
		{133BD29F-A5AE-4D43-846E-295C8E08F7B8}.Release|x64.Build.0 = Release|x64
		{133BD29F-A5AE-4D43-846E-295C8E08F7B8}.Release|x86.ActiveCfg = Release|Win32
		{133BD29F-A5AE-4D43-846E-295C8E08F7B8}.Release|x86.Build.0 = Release|Win32
		{CCA1628B-015C-4156-ABBA-26AF7AE026CA}.Debug|x64.ActiveCfg = Debug|x64
		{CCA1628B-015C-4156-ABBA-26AF7AE026CA}.Debug|x64.Build.0 = Debug|x64
		{CCA1628B-015C-4156-ABBA-26AF7AE026CA}.Debug|x86.ActiveCfg = Debug|Win32
		{CCA1628B-015C-4156-ABBA-26AF7AE026CA}.Debug|x86.Build.0 = Debug|Win32
		{CCA1628B-015C-4156-ABBA-26AF7AE026CA}.Release|x64.ActiveCfg = Release|x64
		{CCA1628B-015C-4156-ABBA-26AF7AE026CA}.Release|x64.Build.0 = Release|x64
		{CCA1628B-015C-4156-ABBA-26AF7AE026CA}.Release|x86.ActiveCfg = Release|Win32
		{CCA1628B-015C-4156-ABBA-26AF7AE026CA}.Release|x86.Build.0 = Release|Win32
		{DE6E6142-07F1-41DF-AF7E-2678EF93E40D}.Debug|x64.ActiveCfg = Debug|x64
		{DE6E6142-07F1-41DF-AF7E-2678EF93E40D}.Debug|x64.Build.0 = Debug|x64
		{DE6E6142-07F1-41DF-AF7E-2678EF93E40D}.Debug|x86.ActiveCfg = Debug|Win32
		{DE6E6142-07F1-41DF-AF7E-2678EF93E40D}.Debug|x86.Build.0 = Debug|Win32
		{DE6E6142-07F1-41DF-AF7E-2678EF93E40D}.Release|x64.ActiveCfg = Release|x64
		{DE6E6142-07F1-41DF-AF7E-2678EF93E40D}.Release|x64.Build.0 = Release|x64
		{DE6E6142-07F1-41DF-AF7E-2678EF93E40D}.Release|x86.ActiveCfg = Release|Win32
		{DE6E6142-07F1-41DF-AF7E-2678EF93E40D}.Release|x86.Build.0 = Release|Win32
		{3156D47B-C161-4A13-9011-298E8E2787D8}.Debug|x64.ActiveCfg = Debug|x64
		{3156D47B-C161-4A13-9011-298E8E2787D8}.Debug|x64.Build.0 = Debug|x64
		{3156D47B-C161-4A13-9011-298E8E2787D8}.Debug|x86.ActiveCfg = Debug|Win32
		{3156D47B-C161-4A13-9011-298E8E2787D8}.Debug|x86.Build.0 = Debug|Win32
		{3156D47B-C161-4A13-9011-298E8E2787D8}.Release|x64.ActiveCfg = Release|x64
		{3156D47B-C161-4A13-9011-298E8E2787D8}.Release|x64.Build.0 = Release|x64
		{3156D47B-C161-4A13-9011-298E8E2787D8}.Release|x86.ActiveCfg = Release|Win32
		{3156D47B-C161-4A13-9011-298E8E2787D8}.Release|x86.Build.0 = Release|Win32
		{B12702AD-ABFB-343A-A199-8E24837244A3}.Debug|x64.ActiveCfg = Debug|Win32
		{B12702AD-ABFB-343A-A199-8E24837244A3}.Debug|x86.ActiveCfg = Debug|Win32
		{B12702AD-ABFB-343A-A199-8E24837244A3}.Debug|x86.Build.0 = Debug|Win32
		{B12702AD-ABFB-343A-A199-8E24837244A3}.Release|x64.ActiveCfg = Release|Win32
		{B12702AD-ABFB-343A-A199-8E24837244A3}.Release|x86.ActiveCfg = Release|Win32
		{B12702AD-ABFB-343A-A199-8E24837244A3}.Release|x86.Build.0 = Release|Win32
		{5EC2A544-443B-419F-9223-D4BE2281A250}.Debug|x64.ActiveCfg = Debug|x64
		{5EC2A544-443B-419F-9223-D4BE2281A250}.Debug|x64.Build.0 = Debug|x64
		{5EC2A544-443B-419F-9223-D4BE2281A250}.Debug|x86.ActiveCfg = Debug|Win32
		{5EC2A544-443B-419F-9223-D4BE2281A250}.Debug|x86.Build.0 = Debug|Win32
		{5EC2A544-443B-419F-9223-D4BE2281A250}.Release|x64.ActiveCfg = Release|x64
		{5EC2A544-443B-419F-9223-D4BE2281A250}.Release|x64.Build.0 = Release|x64
		{5EC2A544-443B-419F-9223-D4BE2281A250}.Release|x86.ActiveCfg = Release|Win32
		{5EC2A544-443B-419F-9223-D4BE2281A250}.Release|x86.Build.0 = Release|Win32
		{3BCB8C2D-2C97-44A1-980E-ADAF64FCA6B8}.Debug|x64.ActiveCfg = Debug|x64
		{3BCB8C2D-2C97-44A1-980E-ADAF64FCA6B8}.Debug|x64.Build.0 = Debug|x64
		{3BCB8C2D-2C97-44A1-980E-ADAF64FCA6B8}.Debug|x86.ActiveCfg = Debug|Win32
		{3BCB8C2D-2C97-44A1-980E-ADAF64FCA6B8}.Debug|x86.Build.0 = Debug|Win32
		{3BCB8C2D-2C97-44A1-980E-ADAF64FCA6B8}.Release|x64.ActiveCfg = Release|x64
		{3BCB8C2D-2C97-44A1-980E-ADAF64FCA6B8}.Release|x64.Build.0 = Release|x64
		{3BCB8C2D-2C97-44A1-980E-ADAF64FCA6B8}.Release|x86.ActiveCfg = Release|Win32
		{3BCB8C2D-2C97-44A1-980E-ADAF64FCA6B8}.Release|x86.Build.0 = Release|Win32
		{1D363458-9B30-4613-8627-5459D465D376}.Debug|x64.ActiveCfg = Debug|x64
		{1D363458-9B30-4613-8627-5459D465D376}.Debug|x64.Build.0 = Debug|x64
		{1D363458-9B30-4613-8627-5459D465D376}.Debug|x86.ActiveCfg = Debug|Win32
		{1D363458-9B30-4613-8627-5459D465D376}.Debug|x86.Build.0 = Debug|Win32
		{1D363458-9B30-4613-8627-5459D465D376}.Release|x64.ActiveCfg = Release|x64
		{1D363458-9B30-4613-8627-5459D465D376}.Release|x64.Build.0 = Release|x64
		{1D363458-9B30-4613-8627-5459D465D376}.Release|x86.ActiveCfg = Release|Win32
		{1D363458-9B30-4613-8627-5459D465D376}.Release|x86.Build.0 = Release|Win32
		{44129261-07DD-4CF2-B1AB-DD40CCD7B8D8}.Debug|x64.ActiveCfg = Debug|x64
		{44129261-07DD-4CF2-B1AB-DD40CCD7B8D8}.Debug|x64.Build.0 = Debug|x64
		{44129261-07DD-4CF2-B1AB-DD40CCD7B8D8}.Debug|x86.ActiveCfg = Debug|Win32
		{44129261-07DD-4CF2-B1AB-DD40CCD7B8D8}.Debug|x86.Build.0 = Debug|Win32
		{44129261-07DD-4CF2-B1AB-DD40CCD7B8D8}.Release|x64.ActiveCfg = Release|x64
		{44129261-07DD-4CF2-B1AB-DD40CCD7B8D8}.Release|x64.Build.0 = Release|x64
		{44129261-07DD-4CF2-B1AB-DD40CCD7B8D8}.Release|x86.ActiveCfg = Release|Win32
		{44129261-07DD-4CF2-B1AB-DD40CCD7B8D8}.Release|x86.Build.0 = Release|Win32
	EndGlobalSection
	GlobalSection(SolutionProperties) = preSolution
		HideSolutionNode = FALSE
	EndGlobalSection
	GlobalSection(NestedProjects) = preSolution
		{3BCB8C2D-2C97-44A1-980E-ADAF64FCA6B8} = {7F21A16F-E93E-4DED-9853-BA6AD46F914C}
		{1D363458-9B30-4613-8627-5459D465D376} = {7F21A16F-E93E-4DED-9853-BA6AD46F914C}
		{44129261-07DD-4CF2-B1AB-DD40CCD7B8D8} = {7F21A16F-E93E-4DED-9853-BA6AD46F914C}
	EndGlobalSection
	GlobalSection(ExtensibilityGlobals) = postSolution
		SolutionGuid = {CA44247E-5E0F-4AD3-8F78-0EA7936A3F51}
	EndGlobalSection
EndGlobal
